
Microsoft Visual Studio Solution File, Format Version 12.00
# Visual Studio Version 17
VisualStudioVersion = 17.8.34601.278
MinimumVisualStudioVersion = 10.0.40219.1
Project("{2150E333-8FDC-42A3-9474-1A3956D46DE8}") = "APRESENTACAO", "APRESENTACAO", "{71610D01-0A13-47FC-BFD9-B9F61FCA8470}"
EndProject
Project("{2150E333-8FDC-42A3-9474-1A3956D46DE8}") = "CORE", "CORE", "{95E83692-8606-41FB-B137-281D1F703981}"
EndProject
Project("{2150E333-8FDC-42A3-9474-1A3956D46DE8}") = "INFRA", "INFRA", "{4A852BE7-5FA1-4F49-B049-A444F76F5CA3}"
EndProject
Project("{9A19103F-16F7-4668-BE54-9A1E7A4F7556}") = "MetalCoin.Api", "APRESENTATION\MetalCoin.Api\MetalCoin.Api.csproj", "{4D7E17E3-B30D-4998-9121-2232C8BD4E32}"
EndProject
Project("{9A19103F-16F7-4668-BE54-9A1E7A4F7556}") = "Metalcoin.Core", "CORE\Metalcoin.Core\Metalcoin.Core.csproj", "{71B55D6D-D59A-4024-8C78-33EA2CAEA160}"
EndProject
Project("{9A19103F-16F7-4668-BE54-9A1E7A4F7556}") = "MetalCoin.Infra", "INFRA\MetalCoin.Infra\MetalCoin.Infra.csproj", "{0AB54971-7B47-4FFA-AC55-BC6206BA54C6}"
EndProject
Project("{9A19103F-16F7-4668-BE54-9A1E7A4F7556}") = "MetalCoin.Application", "CORE\MetalCoin.Application\MetalCoin.Application.csproj", "{3A8F149B-AAC3-46E9-A96D-647084DBEC7B}"
EndProject
Project("{9A19103F-16F7-4668-BE54-9A1E7A4F7556}") = "MetalCoin.Web.Ssr", "APRESENTATION\MetalCoin.Web.Ssr\MetalCoin.Web.Ssr.csproj", "{DEB0BC88-C2C2-4D56-9127-D1E9EC92F6CD}"
EndProject
Project("{9A19103F-16F7-4668-BE54-9A1E7A4F7556}") = "MetalCoin.Web.Spa", "APRESENTATION\MetalCoin.Web.Spa\MetalCoin.Web.Spa.csproj", "{DE57755E-5984-4937-96AA-8899A2752C25}"
EndProject
Global
	GlobalSection(SolutionConfigurationPlatforms) = preSolution
		Debug|Any CPU = Debug|Any CPU
		Release|Any CPU = Release|Any CPU
	EndGlobalSection
	GlobalSection(ProjectConfigurationPlatforms) = postSolution
		{4D7E17E3-B30D-4998-9121-2232C8BD4E32}.Debug|Any CPU.ActiveCfg = Debug|Any CPU
		{4D7E17E3-B30D-4998-9121-2232C8BD4E32}.Debug|Any CPU.Build.0 = Debug|Any CPU
		{4D7E17E3-B30D-4998-9121-2232C8BD4E32}.Release|Any CPU.ActiveCfg = Release|Any CPU
		{4D7E17E3-B30D-4998-9121-2232C8BD4E32}.Release|Any CPU.Build.0 = Release|Any CPU
		{71B55D6D-D59A-4024-8C78-33EA2CAEA160}.Debug|Any CPU.ActiveCfg = Debug|Any CPU
		{71B55D6D-D59A-4024-8C78-33EA2CAEA160}.Debug|Any CPU.Build.0 = Debug|Any CPU
		{71B55D6D-D59A-4024-8C78-33EA2CAEA160}.Release|Any CPU.ActiveCfg = Release|Any CPU
		{71B55D6D-D59A-4024-8C78-33EA2CAEA160}.Release|Any CPU.Build.0 = Release|Any CPU
		{0AB54971-7B47-4FFA-AC55-BC6206BA54C6}.Debug|Any CPU.ActiveCfg = Debug|Any CPU
		{0AB54971-7B47-4FFA-AC55-BC6206BA54C6}.Debug|Any CPU.Build.0 = Debug|Any CPU
		{0AB54971-7B47-4FFA-AC55-BC6206BA54C6}.Release|Any CPU.ActiveCfg = Release|Any CPU
		{0AB54971-7B47-4FFA-AC55-BC6206BA54C6}.Release|Any CPU.Build.0 = Release|Any CPU
		{3A8F149B-AAC3-46E9-A96D-647084DBEC7B}.Debug|Any CPU.ActiveCfg = Debug|Any CPU
		{3A8F149B-AAC3-46E9-A96D-647084DBEC7B}.Debug|Any CPU.Build.0 = Debug|Any CPU
		{3A8F149B-AAC3-46E9-A96D-647084DBEC7B}.Release|Any CPU.ActiveCfg = Release|Any CPU
		{3A8F149B-AAC3-46E9-A96D-647084DBEC7B}.Release|Any CPU.Build.0 = Release|Any CPU
		{DEB0BC88-C2C2-4D56-9127-D1E9EC92F6CD}.Debug|Any CPU.ActiveCfg = Debug|Any CPU
		{DEB0BC88-C2C2-4D56-9127-D1E9EC92F6CD}.Debug|Any CPU.Build.0 = Debug|Any CPU
		{DEB0BC88-C2C2-4D56-9127-D1E9EC92F6CD}.Release|Any CPU.ActiveCfg = Release|Any CPU
		{DEB0BC88-C2C2-4D56-9127-D1E9EC92F6CD}.Release|Any CPU.Build.0 = Release|Any CPU
		{DE57755E-5984-4937-96AA-8899A2752C25}.Debug|Any CPU.ActiveCfg = Debug|Any CPU
		{DE57755E-5984-4937-96AA-8899A2752C25}.Debug|Any CPU.Build.0 = Debug|Any CPU
		{DE57755E-5984-4937-96AA-8899A2752C25}.Release|Any CPU.ActiveCfg = Release|Any CPU
		{DE57755E-5984-4937-96AA-8899A2752C25}.Release|Any CPU.Build.0 = Release|Any CPU
	EndGlobalSection
	GlobalSection(SolutionProperties) = preSolution
		HideSolutionNode = FALSE
	EndGlobalSection
	GlobalSection(NestedProjects) = preSolution
		{4D7E17E3-B30D-4998-9121-2232C8BD4E32} = {71610D01-0A13-47FC-BFD9-B9F61FCA8470}
		{71B55D6D-D59A-4024-8C78-33EA2CAEA160} = {95E83692-8606-41FB-B137-281D1F703981}
		{0AB54971-7B47-4FFA-AC55-BC6206BA54C6} = {4A852BE7-5FA1-4F49-B049-A444F76F5CA3}
		{3A8F149B-AAC3-46E9-A96D-647084DBEC7B} = {95E83692-8606-41FB-B137-281D1F703981}
		{DEB0BC88-C2C2-4D56-9127-D1E9EC92F6CD} = {71610D01-0A13-47FC-BFD9-B9F61FCA8470}
		{DE57755E-5984-4937-96AA-8899A2752C25} = {71610D01-0A13-47FC-BFD9-B9F61FCA8470}
	EndGlobalSection
	GlobalSection(ExtensibilityGlobals) = postSolution
		SolutionGuid = {95F4423D-9EF4-458A-9853-DF755167E889}
	EndGlobalSection
EndGlobal
